
Microsoft Visual Studio Solution File, Format Version 12.00
# Visual Studio 2012
Project("{FAE04EC0-301F-11D3-BF4B-00C04F79EFBC}") = "Recipies.Api", "Recipies.Api\Recipies.Api.csproj", "{95445CDD-3D16-4189-96CD-C13BBA56FF01}"
EndProject
Project("{FAE04EC0-301F-11D3-BF4B-00C04F79EFBC}") = "Recipies.Repository", "Recipies.Repository\Recipies.Repository.csproj", "{EBF386C9-202E-43E8-A027-1E0CEFEE4CF3}"
EndProject
Project("{FAE04EC0-301F-11D3-BF4B-00C04F79EFBC}") = "Recipies.ConsoleClient", "Recipies.ConsoleClient\Recipies.ConsoleClient.csproj", "{6683F050-C43C-486E-8BF5-B682A0A2C1C5}"
EndProject
Project("{FAE04EC0-301F-11D3-BF4B-00C04F79EFBC}") = "Recipies.Data", "Recipies.Data\Recipies.Data.csproj", "{EF43BC51-57CD-435C-B05A-6EA1CB95908C}"
EndProject
Project("{FAE04EC0-301F-11D3-BF4B-00C04F79EFBC}") = "Recipies.Dropbox", "Recipies.Dropbox\Recipies.Dropbox.csproj", "{EB892940-6130-4FF7-8649-F6D8E8AC81D7}"
EndProject
Global
	GlobalSection(SolutionConfigurationPlatforms) = preSolution
		Debug|Any CPU = Debug|Any CPU
		Release|Any CPU = Release|Any CPU
	EndGlobalSection
	GlobalSection(ProjectConfigurationPlatforms) = postSolution
		{95445CDD-3D16-4189-96CD-C13BBA56FF01}.Debug|Any CPU.ActiveCfg = Debug|Any CPU
		{95445CDD-3D16-4189-96CD-C13BBA56FF01}.Debug|Any CPU.Build.0 = Debug|Any CPU
		{95445CDD-3D16-4189-96CD-C13BBA56FF01}.Release|Any CPU.ActiveCfg = Release|Any CPU
		{95445CDD-3D16-4189-96CD-C13BBA56FF01}.Release|Any CPU.Build.0 = Release|Any CPU
		{EBF386C9-202E-43E8-A027-1E0CEFEE4CF3}.Debug|Any CPU.ActiveCfg = Debug|Any CPU
		{EBF386C9-202E-43E8-A027-1E0CEFEE4CF3}.Debug|Any CPU.Build.0 = Debug|Any CPU
		{EBF386C9-202E-43E8-A027-1E0CEFEE4CF3}.Release|Any CPU.ActiveCfg = Release|Any CPU
		{EBF386C9-202E-43E8-A027-1E0CEFEE4CF3}.Release|Any CPU.Build.0 = Release|Any CPU
		{6683F050-C43C-486E-8BF5-B682A0A2C1C5}.Debug|Any CPU.ActiveCfg = Debug|Any CPU
		{6683F050-C43C-486E-8BF5-B682A0A2C1C5}.Debug|Any CPU.Build.0 = Debug|Any CPU
		{6683F050-C43C-486E-8BF5-B682A0A2C1C5}.Release|Any CPU.ActiveCfg = Release|Any CPU
		{6683F050-C43C-486E-8BF5-B682A0A2C1C5}.Release|Any CPU.Build.0 = Release|Any CPU
		{EF43BC51-57CD-435C-B05A-6EA1CB95908C}.Debug|Any CPU.ActiveCfg = Debug|Any CPU
		{EF43BC51-57CD-435C-B05A-6EA1CB95908C}.Debug|Any CPU.Build.0 = Debug|Any CPU
		{EF43BC51-57CD-435C-B05A-6EA1CB95908C}.Release|Any CPU.ActiveCfg = Release|Any CPU
		{EF43BC51-57CD-435C-B05A-6EA1CB95908C}.Release|Any CPU.Build.0 = Release|Any CPU
		{EB892940-6130-4FF7-8649-F6D8E8AC81D7}.Debug|Any CPU.ActiveCfg = Debug|Any CPU
		{EB892940-6130-4FF7-8649-F6D8E8AC81D7}.Debug|Any CPU.Build.0 = Debug|Any CPU
		{EB892940-6130-4FF7-8649-F6D8E8AC81D7}.Release|Any CPU.ActiveCfg = Release|Any CPU
		{EB892940-6130-4FF7-8649-F6D8E8AC81D7}.Release|Any CPU.Build.0 = Release|Any CPU
	EndGlobalSection
	GlobalSection(SolutionProperties) = preSolution
		HideSolutionNode = FALSE
	EndGlobalSection
EndGlobal
